
Microsoft Visual Studio Solution File, Format Version 12.00
# Visual Studio Version 16
VisualStudioVersion = 16.0.29102.190
MinimumVisualStudioVersion = 10.0.40219.1
Project("{FAE04EC0-301F-11D3-BF4B-00C04F79EFBC}") = "MyASPDotNetCoreApp", "MyASPDotNetCoreApp\MyASPDotNetCoreApp.csproj", "{DD54206E-6269-4E3A-BAF2-7E43B33EEDC4}"
EndProject
Global
	GlobalSection(SolutionConfigurationPlatforms) = preSolution
		Debug|Any CPU = Debug|Any CPU
		Release|Any CPU = Release|Any CPU
	EndGlobalSection
	GlobalSection(ProjectConfigurationPlatforms) = postSolution
		{DD54206E-6269-4E3A-BAF2-7E43B33EEDC4}.Debug|Any CPU.ActiveCfg = Debug|Any CPU
		{DD54206E-6269-4E3A-BAF2-7E43B33EEDC4}.Debug|Any CPU.Build.0 = Debug|Any CPU
		{DD54206E-6269-4E3A-BAF2-7E43B33EEDC4}.Release|Any CPU.ActiveCfg = Release|Any CPU
		{DD54206E-6269-4E3A-BAF2-7E43B33EEDC4}.Release|Any CPU.Build.0 = Release|Any CPU
	EndGlobalSection
	GlobalSection(SolutionProperties) = preSolution
		HideSolutionNode = FALSE
	EndGlobalSection
	GlobalSection(ExtensibilityGlobals) = postSolution
		SolutionGuid = {491A51AC-6D00-411D-AFC2-43195A4B8440}
	EndGlobalSection
EndGlobal
